
Microsoft Visual Studio Solution File, Format Version 12.00
# Visual Studio Version 17
VisualStudioVersion = 17.0.32014.148
MinimumVisualStudioVersion = 10.0.40219.1
Project("{9A19103F-16F7-4668-BE54-9A1E7A4F7556}") = "AutoUpgrade", "src\AutoUpgrade.csproj", "{97786F10-DA4F-48D6-960F-30032317EE60}"
EndProject
Project("{9A19103F-16F7-4668-BE54-9A1E7A4F7556}") = "AutoUpgrade.Test", "test\AutoUpgrade.Test.csproj", "{C2597B6B-5DFF-4EF0-84C3-2CA9471C89DA}"
EndProject
Global
	GlobalSection(SolutionConfigurationPlatforms) = preSolution
		Debug|Any CPU = Debug|Any CPU
		Release|Any CPU = Release|Any CPU
	EndGlobalSection
	GlobalSection(ProjectConfigurationPlatforms) = postSolution
		{97786F10-DA4F-48D6-960F-30032317EE60}.Debug|Any CPU.ActiveCfg = Debug|Any CPU
		{97786F10-DA4F-48D6-960F-30032317EE60}.Debug|Any CPU.Build.0 = Debug|Any CPU
		{97786F10-DA4F-48D6-960F-30032317EE60}.Release|Any CPU.ActiveCfg = Release|Any CPU
		{97786F10-DA4F-48D6-960F-30032317EE60}.Release|Any CPU.Build.0 = Release|Any CPU
		{C2597B6B-5DFF-4EF0-84C3-2CA9471C89DA}.Debug|Any CPU.ActiveCfg = Debug|Any CPU
		{C2597B6B-5DFF-4EF0-84C3-2CA9471C89DA}.Debug|Any CPU.Build.0 = Debug|Any CPU
		{C2597B6B-5DFF-4EF0-84C3-2CA9471C89DA}.Release|Any CPU.ActiveCfg = Release|Any CPU
		{C2597B6B-5DFF-4EF0-84C3-2CA9471C89DA}.Release|Any CPU.Build.0 = Release|Any CPU
	EndGlobalSection
	GlobalSection(SolutionProperties) = preSolution
		HideSolutionNode = FALSE
	EndGlobalSection
	GlobalSection(ExtensibilityGlobals) = postSolution
		SolutionGuid = {665926EC-8B42-434F-AD84-85B188965C89}
	EndGlobalSection
EndGlobal
