
Microsoft Visual Studio Solution File, Format Version 12.00
# Visual Studio Version 17
VisualStudioVersion = 17.0.32014.148
MinimumVisualStudioVersion = 10.0.40219.1
Project("{9A19103F-16F7-4668-BE54-9A1E7A4F7556}") = "JiuLing.AutoUpgrade.Test", "JiuLing.AutoUpgrade.Test\JiuLing.AutoUpgrade.Test.csproj", "{C2597B6B-5DFF-4EF0-84C3-2CA9471C89DA}"
EndProject
Project("{FAE04EC0-301F-11D3-BF4B-00C04F79EFBC}") = "JiuLing.AutoUpgrade", "JiuLing.AutoUpgrade\JiuLing.AutoUpgrade.csproj", "{F8EDD219-A83B-4EE0-B2AA-79CFD03189B6}"
EndProject
Project("{9A19103F-16F7-4668-BE54-9A1E7A4F7556}") = "JiuLing.AutoUpgrade.Shell", "JiuLing.AutoUpgrade.Shell\JiuLing.AutoUpgrade.Shell.csproj", "{51D7D69F-5457-45C0-A5FC-7758994CFC84}"
EndProject
Project("{D954291E-2A0B-460D-934E-DC6B0785DB48}") = "JiuLing.AutoUpgrade.Shared", "JiuLing.AutoUpgrade.Shared\JiuLing.AutoUpgrade.Shared.shproj", "{E0916482-C12F-4894-BA4B-00288571A032}"
EndProject
Project("{2150E333-8FDC-42A3-9474-1A3956D46DE8}") = "README", "README", "{8C24ABF7-0FC2-4B06-B17F-4BD9EFD24CA4}"
	ProjectSection(SolutionItems) = preProject
		..\README.md = ..\README.md
		..\README_en.md = ..\README_en.md
		..\v2.1_to_v2.2.md = ..\v2.1_to_v2.2.md
	EndProjectSection
EndProject
Project("{2150E333-8FDC-42A3-9474-1A3956D46DE8}") = "CHANGELOG", "CHANGELOG", "{67243470-4A91-4321-A35C-D38838DE21F4}"
	ProjectSection(SolutionItems) = preProject
		..\CHANGELOG.md = ..\CHANGELOG.md
		..\CHANGELOG_FULL.md = ..\CHANGELOG_FULL.md
	EndProjectSection
EndProject
Project("{2150E333-8FDC-42A3-9474-1A3956D46DE8}") = "workflows", "workflows", "{CF66643C-5C67-473B-A813-DC9A9E0BA450}"
	ProjectSection(SolutionItems) = preProject
		..\.github\workflows\build.yml = ..\.github\workflows\build.yml
		..\.github\workflows\release.yml = ..\.github\workflows\release.yml
	EndProjectSection
EndProject
Global
	GlobalSection(SolutionConfigurationPlatforms) = preSolution
		Debug|Any CPU = Debug|Any CPU
		Release|Any CPU = Release|Any CPU
	EndGlobalSection
	GlobalSection(ProjectConfigurationPlatforms) = postSolution
		{C2597B6B-5DFF-4EF0-84C3-2CA9471C89DA}.Debug|Any CPU.ActiveCfg = Debug|Any CPU
		{C2597B6B-5DFF-4EF0-84C3-2CA9471C89DA}.Debug|Any CPU.Build.0 = Debug|Any CPU
		{C2597B6B-5DFF-4EF0-84C3-2CA9471C89DA}.Release|Any CPU.ActiveCfg = Release|Any CPU
		{C2597B6B-5DFF-4EF0-84C3-2CA9471C89DA}.Release|Any CPU.Build.0 = Release|Any CPU
		{F8EDD219-A83B-4EE0-B2AA-79CFD03189B6}.Debug|Any CPU.ActiveCfg = Debug|Any CPU
		{F8EDD219-A83B-4EE0-B2AA-79CFD03189B6}.Debug|Any CPU.Build.0 = Debug|Any CPU
		{F8EDD219-A83B-4EE0-B2AA-79CFD03189B6}.Release|Any CPU.ActiveCfg = Release|Any CPU
		{F8EDD219-A83B-4EE0-B2AA-79CFD03189B6}.Release|Any CPU.Build.0 = Release|Any CPU
		{51D7D69F-5457-45C0-A5FC-7758994CFC84}.Debug|Any CPU.ActiveCfg = Debug|Any CPU
		{51D7D69F-5457-45C0-A5FC-7758994CFC84}.Debug|Any CPU.Build.0 = Debug|Any CPU
		{51D7D69F-5457-45C0-A5FC-7758994CFC84}.Release|Any CPU.ActiveCfg = Release|Any CPU
		{51D7D69F-5457-45C0-A5FC-7758994CFC84}.Release|Any CPU.Build.0 = Release|Any CPU
	EndGlobalSection
	GlobalSection(SolutionProperties) = preSolution
		HideSolutionNode = FALSE
	EndGlobalSection
	GlobalSection(ExtensibilityGlobals) = postSolution
		SolutionGuid = {665926EC-8B42-434F-AD84-85B188965C89}
	EndGlobalSection
	GlobalSection(SharedMSBuildProjectFiles) = preSolution
		JiuLing.AutoUpgrade.Shared\JiuLing.AutoUpgrade.Shared.projitems*{51d7d69f-5457-45c0-a5fc-7758994cfc84}*SharedItemsImports = 5
		JiuLing.AutoUpgrade.Shared\JiuLing.AutoUpgrade.Shared.projitems*{e0916482-c12f-4894-ba4b-00288571a032}*SharedItemsImports = 13
		JiuLing.AutoUpgrade.Shared\JiuLing.AutoUpgrade.Shared.projitems*{f8edd219-a83b-4ee0-b2aa-79cfd03189b6}*SharedItemsImports = 4
	EndGlobalSection
EndGlobal
